{
  "name": "powpals-beta",
  "lockfileVersion": 2,
  "requires": true,
  "packages": {
    "": {
      "dependencies": {
        "el-transition": "^0.0.7"
      }
    },
    "node_modules/el-transition": {
      "version": "0.0.7",
      "resolved": "https://registry.npmjs.org/el-transition/-/el-transition-0.0.7.tgz",
      "integrity": "sha512-a23pEa7ahqLmBIEqtxi8CdL6CRLF52ZoAwawDFTD1IDkegrL4iValQAj6IMEgIEXPSrXZtx/Nr/ej6ebov4uoA=="
    }
  },
  "dependencies": {
    "el-transition": {
      "version": "0.0.7",
      "resolved": "https://registry.npmjs.org/el-transition/-/el-transition-0.0.7.tgz",
      "integrity": "sha512-a23pEa7ahqLmBIEqtxi8CdL6CRLF52ZoAwawDFTD1IDkegrL4iValQAj6IMEgIEXPSrXZtx/Nr/ej6ebov4uoA=="
    }
  }
}
