# THIS IS AN AUTOGENERATED FILE. DO NOT EDIT THIS FILE DIRECTLY.
# yarn lockfile v1


"el-transition@^0.0.7":
  "integrity" "sha512-a23pEa7ahqLmBIEqtxi8CdL6CRLF52ZoAwawDFTD1IDkegrL4iValQAj6IMEgIEXPSrXZtx/Nr/ej6ebov4uoA=="
  "resolved" "https://registry.npmjs.org/el-transition/-/el-transition-0.0.7.tgz"
  "version" "0.0.7"
